
Microsoft Visual Studio Solution File, Format Version 12.00
# Visual Studio Version 17
VisualStudioVersion = 17.14.36518.9 d17.14
MinimumVisualStudioVersion = 10.0.40219.1
Project("{FAE04EC0-301F-11D3-BF4B-00C04F79EFBC}") = "CodeKatas", "CodeKatas\CodeKatas.csproj", "{09013CB9-3394-4180-BFF7-EA81533A8831}"
EndProject
Global
	GlobalSection(SolutionConfigurationPlatforms) = preSolution
		Debug|Any CPU = Debug|Any CPU
		Release|Any CPU = Release|Any CPU
	EndGlobalSection
	GlobalSection(ProjectConfigurationPlatforms) = postSolution
		{09013CB9-3394-4180-BFF7-EA81533A8831}.Debug|Any CPU.ActiveCfg = Debug|Any CPU
		{09013CB9-3394-4180-BFF7-EA81533A8831}.Debug|Any CPU.Build.0 = Debug|Any CPU
		{09013CB9-3394-4180-BFF7-EA81533A8831}.Release|Any CPU.ActiveCfg = Release|Any CPU
		{09013CB9-3394-4180-BFF7-EA81533A8831}.Release|Any CPU.Build.0 = Release|Any CPU
	EndGlobalSection
	GlobalSection(SolutionProperties) = preSolution
		HideSolutionNode = FALSE
	EndGlobalSection
	GlobalSection(ExtensibilityGlobals) = postSolution
		SolutionGuid = {F1A2808A-CBC3-4F8A-A512-F84C3BF7F6A1}
	EndGlobalSection
EndGlobal
